{
  "requires": true,
  "lockfileVersion": 1,
  "dependencies": {
    "angular-flot": {
      "version": "0.0.17",
      "resolved": "https://registry.npmjs.org/angular-flot/-/angular-flot-0.0.17.tgz",
      "integrity": "sha1-oz8D8Vw8oejZiVwxgfFPhArTjYM="
    },
    "dhtmlx-gantt": {
      "version": "6.1.5",
      "resolved": "https://registry.npmjs.org/dhtmlx-gantt/-/dhtmlx-gantt-6.1.5.tgz",
      "integrity": "sha512-KAYL8+z2dpVNlcVFLrbfyoLuZoyCVwizO5MP00zu1JnsfcTLoo9EsWkvcPn28S8lxi4lgA/Kw6cCX1rRPT+2ew=="
    }
  }
}
